// !$*UTF8*$!
{
	archiveVersion = 1;
	classes = {
	};
	objectVersion = 50;
	objects = {

/* Begin PBXBuildFile section */
		180A658020E971D70035A701 /* LoginViewController.swift in Sources */ = {isa = PBXBuildFile; fileRef = 180A657F20E971D70035A701 /* LoginViewController.swift */; };
		180A658220E9788D0035A701 /* LoginViewModel.swift in Sources */ = {isa = PBXBuildFile; fileRef = 180A658120E9788D0035A701 /* LoginViewModel.swift */; };
		180A659820E98CB90035A701 /* Dashboard.storyboard in Resources */ = {isa = PBXBuildFile; fileRef = 180A659720E98CB90035A701 /* Dashboard.storyboard */; };
		180A659A20E98D0D0035A701 /* DashboardViewController.swift in Sources */ = {isa = PBXBuildFile; fileRef = 180A659920E98D0D0035A701 /* DashboardViewController.swift */; };
		180A659C20E98F030035A701 /* DashboardViewModel.swift in Sources */ = {isa = PBXBuildFile; fileRef = 180A659B20E98F030035A701 /* DashboardViewModel.swift */; };
		180A659F20E998C60035A701 /* BaseClassViewController.swift in Sources */ = {isa = PBXBuildFile; fileRef = 180A659E20E998C60035A701 /* BaseClassViewController.swift */; };
		1883C98E20E4BA72008E490A /* AppDelegate.swift in Sources */ = {isa = PBXBuildFile; fileRef = 1883C98D20E4BA72008E490A /* AppDelegate.swift */; };
		1883C99320E4BA72008E490A /* Main.storyboard in Resources */ = {isa = PBXBuildFile; fileRef = 1883C99120E4BA72008E490A /* Main.storyboard */; };
		1883C99520E4BA74008E490A /* Assets.xcassets in Resources */ = {isa = PBXBuildFile; fileRef = 1883C99420E4BA74008E490A /* Assets.xcassets */; };
		1883C99820E4BA74008E490A /* LaunchScreen.storyboard in Resources */ = {isa = PBXBuildFile; fileRef = 1883C99620E4BA74008E490A /* LaunchScreen.storyboard */; };
		1883C9A320E4BA74008E490A /* FrameworkTests.swift in Sources */ = {isa = PBXBuildFile; fileRef = 1883C9A220E4BA74008E490A /* FrameworkTests.swift */; };
		1883C9AE20E4BA74008E490A /* FrameworkUITests.swift in Sources */ = {isa = PBXBuildFile; fileRef = 1883C9AD20E4BA74008E490A /* FrameworkUITests.swift */; };
		1883C9D520E6281B008E490A /* Reachability.swift in Sources */ = {isa = PBXBuildFile; fileRef = 1883C9D420E6281B008E490A /* Reachability.swift */; };
		1883C9D720E62878008E490A /* AlertViews.swift in Sources */ = {isa = PBXBuildFile; fileRef = 1883C9D620E62878008E490A /* AlertViews.swift */; };
		1883C9EE20E62A86008E490A /* Float.swift in Sources */ = {isa = PBXBuildFile; fileRef = 1883C9E520E62A85008E490A /* Float.swift */; };
		1883C9EF20E62A86008E490A /* TextFieldExtensions.swift in Sources */ = {isa = PBXBuildFile; fileRef = 1883C9E620E62A85008E490A /* TextFieldExtensions.swift */; };
		1883C9F020E62A86008E490A /* ImageExtensions.swift in Sources */ = {isa = PBXBuildFile; fileRef = 1883C9E720E62A85008E490A /* ImageExtensions.swift */; };
		1883C9F120E62A86008E490A /* UserDefaultsExtensions.swift in Sources */ = {isa = PBXBuildFile; fileRef = 1883C9E820E62A85008E490A /* UserDefaultsExtensions.swift */; };
		1883C9F220E62A86008E490A /* ButtonExtensions.swift in Sources */ = {isa = PBXBuildFile; fileRef = 1883C9E920E62A85008E490A /* ButtonExtensions.swift */; };
		1883C9F320E62A86008E490A /* DateExtension.swift in Sources */ = {isa = PBXBuildFile; fileRef = 1883C9EA20E62A85008E490A /* DateExtension.swift */; };
		1883C9F420E62A86008E490A /* ImageViewExtensions.swift in Sources */ = {isa = PBXBuildFile; fileRef = 1883C9EB20E62A85008E490A /* ImageViewExtensions.swift */; };
		1883C9F520E62A86008E490A /* ColorExtensions.swift in Sources */ = {isa = PBXBuildFile; fileRef = 1883C9EC20E62A85008E490A /* ColorExtensions.swift */; };
		1883C9F620E62A86008E490A /* StringExtensions.swift in Sources */ = {isa = PBXBuildFile; fileRef = 1883C9ED20E62A86008E490A /* StringExtensions.swift */; };
		1883C9F820E62C70008E490A /* Constants.swift in Sources */ = {isa = PBXBuildFile; fileRef = 1883C9F720E62C70008E490A /* Constants.swift */; };
		3C3BFFA9F36C954764E9BF57 /* Pods_Framework.framework in Frameworks */ = {isa = PBXBuildFile; fileRef = B3DFFA96FBC4BF7A69FABAEE /* Pods_Framework.framework */; };
		A1F70F926217A19D34B0D5FC /* Pods_FrameworkUITests.framework in Frameworks */ = {isa = PBXBuildFile; fileRef = 367323E00A69F5AC2352C309 /* Pods_FrameworkUITests.framework */; };
		C5E56DF80DB281B2FB3A987A /* Pods_FrameworkTests.framework in Frameworks */ = {isa = PBXBuildFile; fileRef = F41F48D7BBB5E80F8A49AE18 /* Pods_FrameworkTests.framework */; };
/* End PBXBuildFile section */

/* Begin PBXContainerItemProxy section */
		1883C99F20E4BA74008E490A /* PBXContainerItemProxy */ = {
			isa = PBXContainerItemProxy;
			containerPortal = 1883C98220E4BA71008E490A /* Project object */;
			proxyType = 1;
			remoteGlobalIDString = 1883C98920E4BA71008E490A;
			remoteInfo = Framework;
		};
		1883C9AA20E4BA74008E490A /* PBXContainerItemProxy */ = {
			isa = PBXContainerItemProxy;
			containerPortal = 1883C98220E4BA71008E490A /* Project object */;
			proxyType = 1;
			remoteGlobalIDString = 1883C98920E4BA71008E490A;
			remoteInfo = Framework;
		};
/* End PBXContainerItemProxy section */

/* Begin PBXFileReference section */
		180A657F20E971D70035A701 /* LoginViewController.swift */ = {isa = PBXFileReference; lastKnownFileType = sourcecode.swift; path = LoginViewController.swift; sourceTree = "<group>"; };
		180A658120E9788D0035A701 /* LoginViewModel.swift */ = {isa = PBXFileReference; lastKnownFileType = sourcecode.swift; path = LoginViewModel.swift; sourceTree = "<group>"; };
		180A659720E98CB90035A701 /* Dashboard.storyboard */ = {isa = PBXFileReference; lastKnownFileType = file.storyboard; path = Dashboard.storyboard; sourceTree = "<group>"; };
		180A659920E98D0D0035A701 /* DashboardViewController.swift */ = {isa = PBXFileReference; lastKnownFileType = sourcecode.swift; path = DashboardViewController.swift; sourceTree = "<group>"; };
		180A659B20E98F030035A701 /* DashboardViewModel.swift */ = {isa = PBXFileReference; lastKnownFileType = sourcecode.swift; path = DashboardViewModel.swift; sourceTree = "<group>"; };
		180A659E20E998C60035A701 /* BaseClassViewController.swift */ = {isa = PBXFileReference; lastKnownFileType = sourcecode.swift; path = BaseClassViewController.swift; sourceTree = "<group>"; };
		1883C98A20E4BA72008E490A /* Framework.app */ = {isa = PBXFileReference; explicitFileType = wrapper.application; includeInIndex = 0; path = Framework.app; sourceTree = BUILT_PRODUCTS_DIR; };
		1883C98D20E4BA72008E490A /* AppDelegate.swift */ = {isa = PBXFileReference; lastKnownFileType = sourcecode.swift; path = AppDelegate.swift; sourceTree = "<group>"; };
		1883C99220E4BA72008E490A /* Base */ = {isa = PBXFileReference; lastKnownFileType = file.storyboard; name = Base; path = Base.lproj/Main.storyboard; sourceTree = "<group>"; };
		1883C99420E4BA74008E490A /* Assets.xcassets */ = {isa = PBXFileReference; lastKnownFileType = folder.assetcatalog; path = Assets.xcassets; sourceTree = "<group>"; };
		1883C99720E4BA74008E490A /* Base */ = {isa = PBXFileReference; lastKnownFileType = file.storyboard; name = Base; path = Base.lproj/LaunchScreen.storyboard; sourceTree = "<group>"; };
		1883C99920E4BA74008E490A /* Info.plist */ = {isa = PBXFileReference; lastKnownFileType = text.plist.xml; path = Info.plist; sourceTree = "<group>"; };
		1883C99E20E4BA74008E490A /* FrameworkTests.xctest */ = {isa = PBXFileReference; explicitFileType = wrapper.cfbundle; includeInIndex = 0; path = FrameworkTests.xctest; sourceTree = BUILT_PRODUCTS_DIR; };
		1883C9A220E4BA74008E490A /* FrameworkTests.swift */ = {isa = PBXFileReference; lastKnownFileType = sourcecode.swift; path = FrameworkTests.swift; sourceTree = "<group>"; };
		1883C9A420E4BA74008E490A /* Info.plist */ = {isa = PBXFileReference; lastKnownFileType = text.plist.xml; path = Info.plist; sourceTree = "<group>"; };
		1883C9A920E4BA74008E490A /* FrameworkUITests.xctest */ = {isa = PBXFileReference; explicitFileType = wrapper.cfbundle; includeInIndex = 0; path = FrameworkUITests.xctest; sourceTree = BUILT_PRODUCTS_DIR; };
		1883C9AD20E4BA74008E490A /* FrameworkUITests.swift */ = {isa = PBXFileReference; lastKnownFileType = sourcecode.swift; path = FrameworkUITests.swift; sourceTree = "<group>"; };
		1883C9AF20E4BA74008E490A /* Info.plist */ = {isa = PBXFileReference; lastKnownFileType = text.plist.xml; path = Info.plist; sourceTree = "<group>"; };
		1883C9D420E6281B008E490A /* Reachability.swift */ = {isa = PBXFileReference; fileEncoding = 4; lastKnownFileType = sourcecode.swift; path = Reachability.swift; sourceTree = "<group>"; };
		1883C9D620E62878008E490A /* AlertViews.swift */ = {isa = PBXFileReference; fileEncoding = 4; lastKnownFileType = sourcecode.swift; path = AlertViews.swift; sourceTree = "<group>"; };
		1883C9E520E62A85008E490A /* Float.swift */ = {isa = PBXFileReference; fileEncoding = 4; lastKnownFileType = sourcecode.swift; path = Float.swift; sourceTree = "<group>"; };
		1883C9E620E62A85008E490A /* TextFieldExtensions.swift */ = {isa = PBXFileReference; fileEncoding = 4; lastKnownFileType = sourcecode.swift; path = TextFieldExtensions.swift; sourceTree = "<group>"; };
		1883C9E720E62A85008E490A /* ImageExtensions.swift */ = {isa = PBXFileReference; fileEncoding = 4; lastKnownFileType = sourcecode.swift; path = ImageExtensions.swift; sourceTree = "<group>"; };
		1883C9E820E62A85008E490A /* UserDefaultsExtensions.swift */ = {isa = PBXFileReference; fileEncoding = 4; lastKnownFileType = sourcecode.swift; path = UserDefaultsExtensions.swift; sourceTree = "<group>"; };
		1883C9E920E62A85008E490A /* ButtonExtensions.swift */ = {isa = PBXFileReference; fileEncoding = 4; lastKnownFileType = sourcecode.swift; path = ButtonExtensions.swift; sourceTree = "<group>"; };
		1883C9EA20E62A85008E490A /* DateExtension.swift */ = {isa = PBXFileReference; fileEncoding = 4; lastKnownFileType = sourcecode.swift; path = DateExtension.swift; sourceTree = "<group>"; };
		1883C9EB20E62A85008E490A /* ImageViewExtensions.swift */ = {isa = PBXFileReference; fileEncoding = 4; lastKnownFileType = sourcecode.swift; path = ImageViewExtensions.swift; sourceTree = "<group>"; };
		1883C9EC20E62A85008E490A /* ColorExtensions.swift */ = {isa = PBXFileReference; fileEncoding = 4; lastKnownFileType = sourcecode.swift; path = ColorExtensions.swift; sourceTree = "<group>"; };
		1883C9ED20E62A86008E490A /* StringExtensions.swift */ = {isa = PBXFileReference; fileEncoding = 4; lastKnownFileType = sourcecode.swift; path = StringExtensions.swift; sourceTree = "<group>"; };
		1883C9F720E62C70008E490A /* Constants.swift */ = {isa = PBXFileReference; fileEncoding = 4; lastKnownFileType = sourcecode.swift; path = Constants.swift; sourceTree = "<group>"; };
		18CEBDF320E64548006A4B13 /* Framework-Bridging-Header.h */ = {isa = PBXFileReference; lastKnownFileType = sourcecode.c.h; path = "Framework-Bridging-Header.h"; sourceTree = "<group>"; };
		2D8B338C41D6B99098271DA3 /* Pods-Framework.release.xcconfig */ = {isa = PBXFileReference; includeInIndex = 1; lastKnownFileType = text.xcconfig; name = "Pods-Framework.release.xcconfig"; path = "Pods/Target Support Files/Pods-Framework/Pods-Framework.release.xcconfig"; sourceTree = "<group>"; };
		367323E00A69F5AC2352C309 /* Pods_FrameworkUITests.framework */ = {isa = PBXFileReference; explicitFileType = wrapper.framework; includeInIndex = 0; path = Pods_FrameworkUITests.framework; sourceTree = BUILT_PRODUCTS_DIR; };
		3C890C153449DAA6ECC85669 /* Pods-FrameworkUITests.debug.xcconfig */ = {isa = PBXFileReference; includeInIndex = 1; lastKnownFileType = text.xcconfig; name = "Pods-FrameworkUITests.debug.xcconfig"; path = "Pods/Target Support Files/Pods-FrameworkUITests/Pods-FrameworkUITests.debug.xcconfig"; sourceTree = "<group>"; };
		A87CB8A607A7B9F3F0738C5E /* Pods-FrameworkUITests.release.xcconfig */ = {isa = PBXFileReference; includeInIndex = 1; lastKnownFileType = text.xcconfig; name = "Pods-FrameworkUITests.release.xcconfig"; path = "Pods/Target Support Files/Pods-FrameworkUITests/Pods-FrameworkUITests.release.xcconfig"; sourceTree = "<group>"; };
		B3DFFA96FBC4BF7A69FABAEE /* Pods_Framework.framework */ = {isa = PBXFileReference; explicitFileType = wrapper.framework; includeInIndex = 0; path = Pods_Framework.framework; sourceTree = BUILT_PRODUCTS_DIR; };
		BE0FA2324CD56BE738EAEDD2 /* Pods-FrameworkTests.release.xcconfig */ = {isa = PBXFileReference; includeInIndex = 1; lastKnownFileType = text.xcconfig; name = "Pods-FrameworkTests.release.xcconfig"; path = "Pods/Target Support Files/Pods-FrameworkTests/Pods-FrameworkTests.release.xcconfig"; sourceTree = "<group>"; };
		D6837BD9BBA42B1477E53866 /* Pods-Framework.debug.xcconfig */ = {isa = PBXFileReference; includeInIndex = 1; lastKnownFileType = text.xcconfig; name = "Pods-Framework.debug.xcconfig"; path = "Pods/Target Support Files/Pods-Framework/Pods-Framework.debug.xcconfig"; sourceTree = "<group>"; };
		F41F48D7BBB5E80F8A49AE18 /* Pods_FrameworkTests.framework */ = {isa = PBXFileReference; explicitFileType = wrapper.framework; includeInIndex = 0; path = Pods_FrameworkTests.framework; sourceTree = BUILT_PRODUCTS_DIR; };
		F4E645566B1FC8863F03D0E3 /* Pods-FrameworkTests.debug.xcconfig */ = {isa = PBXFileReference; includeInIndex = 1; lastKnownFileType = text.xcconfig; name = "Pods-FrameworkTests.debug.xcconfig"; path = "Pods/Target Support Files/Pods-FrameworkTests/Pods-FrameworkTests.debug.xcconfig"; sourceTree = "<group>"; };
/* End PBXFileReference section */

/* Begin PBXFrameworksBuildPhase section */
		1883C98720E4BA71008E490A /* Frameworks */ = {
			isa = PBXFrameworksBuildPhase;
			buildActionMask = 2147483647;
			files = (
				3C3BFFA9F36C954764E9BF57 /* Pods_Framework.framework in Frameworks */,
			);
			runOnlyForDeploymentPostprocessing = 0;
		};
		1883C99B20E4BA74008E490A /* Frameworks */ = {
			isa = PBXFrameworksBuildPhase;
			buildActionMask = 2147483647;
			files = (
				C5E56DF80DB281B2FB3A987A /* Pods_FrameworkTests.framework in Frameworks */,
			);
			runOnlyForDeploymentPostprocessing = 0;
		};
		1883C9A620E4BA74008E490A /* Frameworks */ = {
			isa = PBXFrameworksBuildPhase;
			buildActionMask = 2147483647;
			files = (
				A1F70F926217A19D34B0D5FC /* Pods_FrameworkUITests.framework in Frameworks */,
			);
			runOnlyForDeploymentPostprocessing = 0;
		};
/* End PBXFrameworksBuildPhase section */

/* Begin PBXGroup section */
		180A658320E98C530035A701 /* Dashboard */ = {
			isa = PBXGroup;
			children = (
				180A658420E98C530035A701 /* ViewModels */,
				180A658620E98C530035A701 /* Models */,
				180A658720E98C530035A701 /* Extensions */,
				180A658820E98C530035A701 /* ViewControllers */,
				180A658A20E98C530035A701 /* Views */,
				180A658F20E98C530035A701 /* Protocols */,
				180A659020E98C530035A701 /* Services */,
				180A659120E98C530035A701 /* ReactNative */,
			);
			path = Dashboard;
			sourceTree = "<group>";
		};
		180A658420E98C530035A701 /* ViewModels */ = {
			isa = PBXGroup;
			children = (
				180A659B20E98F030035A701 /* DashboardViewModel.swift */,
			);
			path = ViewModels;
			sourceTree = "<group>";
		};
		180A658620E98C530035A701 /* Models */ = {
			isa = PBXGroup;
			children = (
			);
			path = Models;
			sourceTree = "<group>";
		};
		180A658720E98C530035A701 /* Extensions */ = {
			isa = PBXGroup;
			children = (
			);
			path = Extensions;
			sourceTree = "<group>";
		};
		180A658820E98C530035A701 /* ViewControllers */ = {
			isa = PBXGroup;
			children = (
				180A659920E98D0D0035A701 /* DashboardViewController.swift */,
			);
			path = ViewControllers;
			sourceTree = "<group>";
		};
		180A658A20E98C530035A701 /* Views */ = {
			isa = PBXGroup;
			children = (
				180A658B20E98C530035A701 /* Storyboards */,
				180A658E20E98C530035A701 /* XIB */,
			);
			path = Views;
			sourceTree = "<group>";
		};
		180A658B20E98C530035A701 /* Storyboards */ = {
			isa = PBXGroup;
			children = (
				180A659720E98CB90035A701 /* Dashboard.storyboard */,
			);
			path = Storyboards;
			sourceTree = "<group>";
		};
		180A658E20E98C530035A701 /* XIB */ = {
			isa = PBXGroup;
			children = (
			);
			path = XIB;
			sourceTree = "<group>";
		};
		180A658F20E98C530035A701 /* Protocols */ = {
			isa = PBXGroup;
			children = (
			);
			path = Protocols;
			sourceTree = "<group>";
		};
		180A659020E98C530035A701 /* Services */ = {
			isa = PBXGroup;
			children = (
			);
			path = Services;
			sourceTree = "<group>";
		};
		180A659120E98C530035A701 /* ReactNative */ = {
			isa = PBXGroup;
			children = (
				180A659220E98C530035A701 /* Bridges */,
				180A659320E98C530035A701 /* EventHandler */,
			);
			path = ReactNative;
			sourceTree = "<group>";
		};
		180A659220E98C530035A701 /* Bridges */ = {
			isa = PBXGroup;
			children = (
			);
			path = Bridges;
			sourceTree = "<group>";
		};
		180A659320E98C530035A701 /* EventHandler */ = {
			isa = PBXGroup;
			children = (
			);
			path = EventHandler;
			sourceTree = "<group>";
		};
		180A659D20E998B20035A701 /* BaseClasses */ = {
			isa = PBXGroup;
			children = (
				180A659E20E998C60035A701 /* BaseClassViewController.swift */,
			);
			path = BaseClasses;
			sourceTree = "<group>";
		};
		1883C98120E4BA71008E490A = {
			isa = PBXGroup;
			children = (
				1883C98C20E4BA72008E490A /* Framework */,
				1883C9A120E4BA74008E490A /* FrameworkTests */,
				1883C9AC20E4BA74008E490A /* FrameworkUITests */,
				1883C98B20E4BA72008E490A /* Products */,
				7BA244FFF8D05D27D7E3075B /* Pods */,
				DACFC3F39FACD80F033452B1 /* Frameworks */,
			);
			sourceTree = "<group>";
		};
		1883C98B20E4BA72008E490A /* Products */ = {
			isa = PBXGroup;
			children = (
				1883C98A20E4BA72008E490A /* Framework.app */,
				1883C99E20E4BA74008E490A /* FrameworkTests.xctest */,
				1883C9A920E4BA74008E490A /* FrameworkUITests.xctest */,
			);
			name = Products;
			sourceTree = "<group>";
		};
		1883C98C20E4BA72008E490A /* Framework */ = {
			isa = PBXGroup;
			children = (
				1883C9BF20E626EF008E490A /* Modules */,
				1883C9CC20E6273B008E490A /* Utilities */,
				1883C9BB20E626DF008E490A /* CommonComponents */,
				18CEBDEC20E63E7D006A4B13 /* AppDelegate */,
				18CEBDF020E64271006A4B13 /* Headers */,
				1883C9D320E62792008E490A /* Resources */,
				18CEBDED20E6402F006A4B13 /* LaunchScreen */,
				1883C99420E4BA74008E490A /* Assets.xcassets */,
			);
			path = Framework;
			sourceTree = "<group>";
		};
		1883C9A120E4BA74008E490A /* FrameworkTests */ = {
			isa = PBXGroup;
			children = (
				18CEBDF120E6429F006A4B13 /* Modules */,
				1883C9A220E4BA74008E490A /* FrameworkTests.swift */,
				1883C9A420E4BA74008E490A /* Info.plist */,
			);
			path = FrameworkTests;
			sourceTree = "<group>";
		};
		1883C9AC20E4BA74008E490A /* FrameworkUITests */ = {
			isa = PBXGroup;
			children = (
				18CEBDF220E642AF006A4B13 /* Modules */,
				1883C9AD20E4BA74008E490A /* FrameworkUITests.swift */,
				1883C9AF20E4BA74008E490A /* Info.plist */,
			);
			path = FrameworkUITests;
			sourceTree = "<group>";
		};
		1883C9BB20E626DF008E490A /* CommonComponents */ = {
			isa = PBXGroup;
			children = (
				18CEBDEE20E64203006A4B13 /* Protocols */,
				1883C9BC20E626DF008E490A /* UI */,
				1883C9BD20E626DF008E490A /* Models */,
				1883C9BE20E626DF008E490A /* Services */,
			);
			path = CommonComponents;
			sourceTree = "<group>";
		};
		1883C9BC20E626DF008E490A /* UI */ = {
			isa = PBXGroup;
			children = (
			);
			path = UI;
			sourceTree = "<group>";
		};
		1883C9BD20E626DF008E490A /* Models */ = {
			isa = PBXGroup;
			children = (
				18CEBDF420E646BB006A4B13 /* CoreData */,
			);
			path = Models;
			sourceTree = "<group>";
		};
		1883C9BE20E626DF008E490A /* Services */ = {
			isa = PBXGroup;
			children = (
			);
			path = Services;
			sourceTree = "<group>";
		};
		1883C9BF20E626EF008E490A /* Modules */ = {
			isa = PBXGroup;
			children = (
				1883C9C020E626EF008E490A /* Authentication */,
				180A658320E98C530035A701 /* Dashboard */,
			);
			path = Modules;
			sourceTree = "<group>";
		};
		1883C9C020E626EF008E490A /* Authentication */ = {
			isa = PBXGroup;
			children = (
				1883C9C120E626EF008E490A /* ViewModels */,
				1883C9C220E626EF008E490A /* Models */,
				1883C9C320E626EF008E490A /* Extensions */,
				1883C9C420E626EF008E490A /* ViewControllers */,
				1883C9C520E626EF008E490A /* ReactNative */,
				1883C9C820E626EF008E490A /* Views */,
				1883C9CB20E626EF008E490A /* Services */,
				18CEBDEF20E64245006A4B13 /* Protocols */,
			);
			path = Authentication;
			sourceTree = "<group>";
		};
		1883C9C120E626EF008E490A /* ViewModels */ = {
			isa = PBXGroup;
			children = (
				180A658120E9788D0035A701 /* LoginViewModel.swift */,
			);
			path = ViewModels;
			sourceTree = "<group>";
		};
		1883C9C220E626EF008E490A /* Models */ = {
			isa = PBXGroup;
			children = (
			);
			path = Models;
			sourceTree = "<group>";
		};
		1883C9C320E626EF008E490A /* Extensions */ = {
			isa = PBXGroup;
			children = (
			);
			path = Extensions;
			sourceTree = "<group>";
		};
		1883C9C420E626EF008E490A /* ViewControllers */ = {
			isa = PBXGroup;
			children = (
				180A657F20E971D70035A701 /* LoginViewController.swift */,
			);
			path = ViewControllers;
			sourceTree = "<group>";
		};
		1883C9C520E626EF008E490A /* ReactNative */ = {
			isa = PBXGroup;
			children = (
				1883C9C620E626EF008E490A /* EventHandler */,
				1883C9C720E626EF008E490A /* Bridges */,
			);
			path = ReactNative;
			sourceTree = "<group>";
		};
		1883C9C620E626EF008E490A /* EventHandler */ = {
			isa = PBXGroup;
			children = (
			);
			path = EventHandler;
			sourceTree = "<group>";
		};
		1883C9C720E626EF008E490A /* Bridges */ = {
			isa = PBXGroup;
			children = (
			);
			path = Bridges;
			sourceTree = "<group>";
		};
		1883C9C820E626EF008E490A /* Views */ = {
			isa = PBXGroup;
			children = (
				1883C9C920E626EF008E490A /* Storyboards */,
				1883C9CA20E626EF008E490A /* XIB */,
			);
			path = Views;
			sourceTree = "<group>";
		};
		1883C9C920E626EF008E490A /* Storyboards */ = {
			isa = PBXGroup;
			children = (
				1883C99120E4BA72008E490A /* Main.storyboard */,
			);
			path = Storyboards;
			sourceTree = "<group>";
		};
		1883C9CA20E626EF008E490A /* XIB */ = {
			isa = PBXGroup;
			children = (
			);
			path = XIB;
			sourceTree = "<group>";
		};
		1883C9CB20E626EF008E490A /* Services */ = {
			isa = PBXGroup;
			children = (
			);
			path = Services;
			sourceTree = "<group>";
		};
		1883C9CC20E6273B008E490A /* Utilities */ = {
			isa = PBXGroup;
			children = (
				180A659D20E998B20035A701 /* BaseClasses */,
				18CEBDF720E64BAA006A4B13 /* ReactManager */,
				18CEBDF620E64B30006A4B13 /* StateManager */,
				18CEBDF520E64924006A4B13 /* Navigator */,
				1883C9CD20E6273B008E490A /* Constants */,
				1883C9CE20E6273B008E490A /* APIHelper */,
				1883C9CF20E6273B008E490A /* Extensions */,
				1883C9D020E6273B008E490A /* Localization */,
				1883C9D120E6273B008E490A /* Reachability */,
				1883C9D220E6273B008E490A /* Helpers */,
			);
			path = Utilities;
			sourceTree = "<group>";
		};
		1883C9CD20E6273B008E490A /* Constants */ = {
			isa = PBXGroup;
			children = (
				1883C9F720E62C70008E490A /* Constants.swift */,
			);
			path = Constants;
			sourceTree = "<group>";
		};
		1883C9CE20E6273B008E490A /* APIHelper */ = {
			isa = PBXGroup;
			children = (
			);
			path = APIHelper;
			sourceTree = "<group>";
		};
		1883C9CF20E6273B008E490A /* Extensions */ = {
			isa = PBXGroup;
			children = (
				1883C9E920E62A85008E490A /* ButtonExtensions.swift */,
				1883C9EC20E62A85008E490A /* ColorExtensions.swift */,
				1883C9EA20E62A85008E490A /* DateExtension.swift */,
				1883C9E520E62A85008E490A /* Float.swift */,
				1883C9E720E62A85008E490A /* ImageExtensions.swift */,
				1883C9EB20E62A85008E490A /* ImageViewExtensions.swift */,
				1883C9ED20E62A86008E490A /* StringExtensions.swift */,
				1883C9E620E62A85008E490A /* TextFieldExtensions.swift */,
				1883C9E820E62A85008E490A /* UserDefaultsExtensions.swift */,
			);
			path = Extensions;
			sourceTree = "<group>";
		};
		1883C9D020E6273B008E490A /* Localization */ = {
			isa = PBXGroup;
			children = (
			);
			path = Localization;
			sourceTree = "<group>";
		};
		1883C9D120E6273B008E490A /* Reachability */ = {
			isa = PBXGroup;
			children = (
				1883C9D420E6281B008E490A /* Reachability.swift */,
			);
			path = Reachability;
			sourceTree = "<group>";
		};
		1883C9D220E6273B008E490A /* Helpers */ = {
			isa = PBXGroup;
			children = (
				1883C9D620E62878008E490A /* AlertViews.swift */,
			);
			path = Helpers;
			sourceTree = "<group>";
		};
		1883C9D320E62792008E490A /* Resources */ = {
			isa = PBXGroup;
			children = (
				1883C99920E4BA74008E490A /* Info.plist */,
			);
			path = Resources;
			sourceTree = "<group>";
		};
		18CEBDEC20E63E7D006A4B13 /* AppDelegate */ = {
			isa = PBXGroup;
			children = (
				1883C98D20E4BA72008E490A /* AppDelegate.swift */,
			);
			path = AppDelegate;
			sourceTree = "<group>";
		};
		18CEBDED20E6402F006A4B13 /* LaunchScreen */ = {
			isa = PBXGroup;
			children = (
				1883C99620E4BA74008E490A /* LaunchScreen.storyboard */,
			);
			path = LaunchScreen;
			sourceTree = "<group>";
		};
		18CEBDEE20E64203006A4B13 /* Protocols */ = {
			isa = PBXGroup;
			children = (
			);
			path = Protocols;
			sourceTree = "<group>";
		};
		18CEBDEF20E64245006A4B13 /* Protocols */ = {
			isa = PBXGroup;
			children = (
			);
			path = Protocols;
			sourceTree = "<group>";
		};
		18CEBDF020E64271006A4B13 /* Headers */ = {
			isa = PBXGroup;
			children = (
				18CEBDF320E64548006A4B13 /* Framework-Bridging-Header.h */,
			);
			path = Headers;
			sourceTree = "<group>";
		};
		18CEBDF120E6429F006A4B13 /* Modules */ = {
			isa = PBXGroup;
			children = (
			);
			path = Modules;
			sourceTree = "<group>";
		};
		18CEBDF220E642AF006A4B13 /* Modules */ = {
			isa = PBXGroup;
			children = (
			);
			path = Modules;
			sourceTree = "<group>";
		};
		18CEBDF420E646BB006A4B13 /* CoreData */ = {
			isa = PBXGroup;
			children = (
			);
			path = CoreData;
			sourceTree = "<group>";
		};
		18CEBDF520E64924006A4B13 /* Navigator */ = {
			isa = PBXGroup;
			children = (
			);
			path = Navigator;
			sourceTree = "<group>";
		};
		18CEBDF620E64B30006A4B13 /* StateManager */ = {
			isa = PBXGroup;
			children = (
			);
			path = StateManager;
			sourceTree = "<group>";
		};
		18CEBDF720E64BAA006A4B13 /* ReactManager */ = {
			isa = PBXGroup;
			children = (
			);
			path = ReactManager;
			sourceTree = "<group>";
		};
		7BA244FFF8D05D27D7E3075B /* Pods */ = {
			isa = PBXGroup;
			children = (
				D6837BD9BBA42B1477E53866 /* Pods-Framework.debug.xcconfig */,
				2D8B338C41D6B99098271DA3 /* Pods-Framework.release.xcconfig */,
				F4E645566B1FC8863F03D0E3 /* Pods-FrameworkTests.debug.xcconfig */,
				BE0FA2324CD56BE738EAEDD2 /* Pods-FrameworkTests.release.xcconfig */,
				3C890C153449DAA6ECC85669 /* Pods-FrameworkUITests.debug.xcconfig */,
				A87CB8A607A7B9F3F0738C5E /* Pods-FrameworkUITests.release.xcconfig */,
			);
			name = Pods;
			sourceTree = "<group>";
		};
		DACFC3F39FACD80F033452B1 /* Frameworks */ = {
			isa = PBXGroup;
			children = (
				B3DFFA96FBC4BF7A69FABAEE /* Pods_Framework.framework */,
				F41F48D7BBB5E80F8A49AE18 /* Pods_FrameworkTests.framework */,
				367323E00A69F5AC2352C309 /* Pods_FrameworkUITests.framework */,
			);
			name = Frameworks;
			sourceTree = "<group>";
		};
/* End PBXGroup section */

/* Begin PBXNativeTarget section */
		1883C98920E4BA71008E490A /* Framework */ = {
			isa = PBXNativeTarget;
			buildConfigurationList = 1883C9B220E4BA74008E490A /* Build configuration list for PBXNativeTarget "Framework" */;
			buildPhases = (
				26E688BA59687F67C44E1E07 /* [CP] Check Pods Manifest.lock */,
				1883C98620E4BA71008E490A /* Sources */,
				1883C98720E4BA71008E490A /* Frameworks */,
				1883C98820E4BA71008E490A /* Resources */,
				4F553618B5E88BA05DCA255C /* [CP] Embed Pods Frameworks */,
			);
			buildRules = (
			);
			dependencies = (
			);
			name = Framework;
			productName = Framework;
			productReference = 1883C98A20E4BA72008E490A /* Framework.app */;
			productType = "com.apple.product-type.application";
		};
		1883C99D20E4BA74008E490A /* FrameworkTests */ = {
			isa = PBXNativeTarget;
			buildConfigurationList = 1883C9B520E4BA74008E490A /* Build configuration list for PBXNativeTarget "FrameworkTests" */;
			buildPhases = (
				7A9B30226C8A347AE99EA27B /* [CP] Check Pods Manifest.lock */,
				1883C99A20E4BA74008E490A /* Sources */,
				1883C99B20E4BA74008E490A /* Frameworks */,
				1883C99C20E4BA74008E490A /* Resources */,
			);
			buildRules = (
			);
			dependencies = (
				1883C9A020E4BA74008E490A /* PBXTargetDependency */,
			);
			name = FrameworkTests;
			productName = FrameworkTests;
			productReference = 1883C99E20E4BA74008E490A /* FrameworkTests.xctest */;
			productType = "com.apple.product-type.bundle.unit-test";
		};
		1883C9A820E4BA74008E490A /* FrameworkUITests */ = {
			isa = PBXNativeTarget;
			buildConfigurationList = 1883C9B820E4BA74008E490A /* Build configuration list for PBXNativeTarget "FrameworkUITests" */;
			buildPhases = (
				234BC5C38C60E288BF745A06 /* [CP] Check Pods Manifest.lock */,
				1883C9A520E4BA74008E490A /* Sources */,
				1883C9A620E4BA74008E490A /* Frameworks */,
				1883C9A720E4BA74008E490A /* Resources */,
			);
			buildRules = (
			);
			dependencies = (
				1883C9AB20E4BA74008E490A /* PBXTargetDependency */,
			);
			name = FrameworkUITests;
			productName = FrameworkUITests;
			productReference = 1883C9A920E4BA74008E490A /* FrameworkUITests.xctest */;
			productType = "com.apple.product-type.bundle.ui-testing";
		};
/* End PBXNativeTarget section */

/* Begin PBXProject section */
		1883C98220E4BA71008E490A /* Project object */ = {
			isa = PBXProject;
			attributes = {
				LastSwiftUpdateCheck = 0940;
				LastUpgradeCheck = 0940;
				ORGANIZATIONNAME = Particle41;
				TargetAttributes = {
					1883C98920E4BA71008E490A = {
						CreatedOnToolsVersion = 9.4;
					};
					1883C99D20E4BA74008E490A = {
						CreatedOnToolsVersion = 9.4;
						TestTargetID = 1883C98920E4BA71008E490A;
					};
					1883C9A820E4BA74008E490A = {
						CreatedOnToolsVersion = 9.4;
						TestTargetID = 1883C98920E4BA71008E490A;
					};
				};
			};
			buildConfigurationList = 1883C98520E4BA71008E490A /* Build configuration list for PBXProject "Framework" */;
			compatibilityVersion = "Xcode 9.3";
			developmentRegion = en;
			hasScannedForEncodings = 0;
			knownRegions = (
				en,
				Base,
			);
			mainGroup = 1883C98120E4BA71008E490A;
			productRefGroup = 1883C98B20E4BA72008E490A /* Products */;
			projectDirPath = "";
			projectRoot = "";
			targets = (
				1883C98920E4BA71008E490A /* Framework */,
				1883C99D20E4BA74008E490A /* FrameworkTests */,
				1883C9A820E4BA74008E490A /* FrameworkUITests */,
			);
		};
/* End PBXProject section */

/* Begin PBXResourcesBuildPhase section */
		1883C98820E4BA71008E490A /* Resources */ = {
			isa = PBXResourcesBuildPhase;
			buildActionMask = 2147483647;
			files = (
				1883C99820E4BA74008E490A /* LaunchScreen.storyboard in Resources */,
				1883C99520E4BA74008E490A /* Assets.xcassets in Resources */,
				1883C99320E4BA72008E490A /* Main.storyboard in Resources */,
				180A659820E98CB90035A701 /* Dashboard.storyboard in Resources */,
			);
			runOnlyForDeploymentPostprocessing = 0;
		};
		1883C99C20E4BA74008E490A /* Resources */ = {
			isa = PBXResourcesBuildPhase;
			buildActionMask = 2147483647;
			files = (
			);
			runOnlyForDeploymentPostprocessing = 0;
		};
		1883C9A720E4BA74008E490A /* Resources */ = {
			isa = PBXResourcesBuildPhase;
			buildActionMask = 2147483647;
			files = (
			);
			runOnlyForDeploymentPostprocessing = 0;
		};
/* End PBXResourcesBuildPhase section */

/* Begin PBXShellScriptBuildPhase section */
		234BC5C38C60E288BF745A06 /* [CP] Check Pods Manifest.lock */ = {
			isa = PBXShellScriptBuildPhase;
			buildActionMask = 2147483647;
			files = (
			);
			inputPaths = (
				"${PODS_PODFILE_DIR_PATH}/Podfile.lock",
				"${PODS_ROOT}/Manifest.lock",
			);
			name = "[CP] Check Pods Manifest.lock";
			outputPaths = (
				"$(DERIVED_FILE_DIR)/Pods-FrameworkUITests-checkManifestLockResult.txt",
			);
			runOnlyForDeploymentPostprocessing = 0;
			shellPath = /bin/sh;
			shellScript = "diff \"${PODS_PODFILE_DIR_PATH}/Podfile.lock\" \"${PODS_ROOT}/Manifest.lock\" > /dev/null\nif [ $? != 0 ] ; then\n    # print error to STDERR\n    echo \"error: The sandbox is not in sync with the Podfile.lock. Run 'pod install' or update your CocoaPods installation.\" >&2\n    exit 1\nfi\n# This output is used by Xcode 'outputs' to avoid re-running this script phase.\necho \"SUCCESS\" > \"${SCRIPT_OUTPUT_FILE_0}\"\n";
			showEnvVarsInLog = 0;
		};
		26E688BA59687F67C44E1E07 /* [CP] Check Pods Manifest.lock */ = {
			isa = PBXShellScriptBuildPhase;
			buildActionMask = 2147483647;
			files = (
			);
			inputPaths = (
				"${PODS_PODFILE_DIR_PATH}/Podfile.lock",
				"${PODS_ROOT}/Manifest.lock",
			);
			name = "[CP] Check Pods Manifest.lock";
			outputPaths = (
				"$(DERIVED_FILE_DIR)/Pods-Framework-checkManifestLockResult.txt",
			);
			runOnlyForDeploymentPostprocessing = 0;
			shellPath = /bin/sh;
			shellScript = "diff \"${PODS_PODFILE_DIR_PATH}/Podfile.lock\" \"${PODS_ROOT}/Manifest.lock\" > /dev/null\nif [ $? != 0 ] ; then\n    # print error to STDERR\n    echo \"error: The sandbox is not in sync with the Podfile.lock. Run 'pod install' or update your CocoaPods installation.\" >&2\n    exit 1\nfi\n# This output is used by Xcode 'outputs' to avoid re-running this script phase.\necho \"SUCCESS\" > \"${SCRIPT_OUTPUT_FILE_0}\"\n";
			showEnvVarsInLog = 0;
		};
		4F553618B5E88BA05DCA255C /* [CP] Embed Pods Frameworks */ = {
			isa = PBXShellScriptBuildPhase;
			buildActionMask = 2147483647;
			files = (
			);
			inputPaths = (
				"${SRCROOT}/Pods/Target Support Files/Pods-Framework/Pods-Framework-frameworks.sh",
				"${BUILT_PRODUCTS_DIR}/RxCocoa/RxCocoa.framework",
				"${BUILT_PRODUCTS_DIR}/RxSwift/RxSwift.framework",
			);
			name = "[CP] Embed Pods Frameworks";
			outputPaths = (
				"${TARGET_BUILD_DIR}/${FRAMEWORKS_FOLDER_PATH}/RxCocoa.framework",
				"${TARGET_BUILD_DIR}/${FRAMEWORKS_FOLDER_PATH}/RxSwift.framework",
			);
			runOnlyForDeploymentPostprocessing = 0;
			shellPath = /bin/sh;
			shellScript = "\"${SRCROOT}/Pods/Target Support Files/Pods-Framework/Pods-Framework-frameworks.sh\"\n";
			showEnvVarsInLog = 0;
		};
		7A9B30226C8A347AE99EA27B /* [CP] Check Pods Manifest.lock */ = {
			isa = PBXShellScriptBuildPhase;
			buildActionMask = 2147483647;
			files = (
			);
			inputPaths = (
				"${PODS_PODFILE_DIR_PATH}/Podfile.lock",
				"${PODS_ROOT}/Manifest.lock",
			);
			name = "[CP] Check Pods Manifest.lock";
			outputPaths = (
				"$(DERIVED_FILE_DIR)/Pods-FrameworkTests-checkManifestLockResult.txt",
			);
			runOnlyForDeploymentPostprocessing = 0;
			shellPath = /bin/sh;
			shellScript = "diff \"${PODS_PODFILE_DIR_PATH}/Podfile.lock\" \"${PODS_ROOT}/Manifest.lock\" > /dev/null\nif [ $? != 0 ] ; then\n    # print error to STDERR\n    echo \"error: The sandbox is not in sync with the Podfile.lock. Run 'pod install' or update your CocoaPods installation.\" >&2\n    exit 1\nfi\n# This output is used by Xcode 'outputs' to avoid re-running this script phase.\necho \"SUCCESS\" > \"${SCRIPT_OUTPUT_FILE_0}\"\n";
			showEnvVarsInLog = 0;
		};
/* End PBXShellScriptBuildPhase section */

/* Begin PBXSourcesBuildPhase section */
		1883C98620E4BA71008E490A /* Sources */ = {
			isa = PBXSourcesBuildPhase;
			buildActionMask = 2147483647;
			files = (
				1883C9F520E62A86008E490A /* ColorExtensions.swift in Sources */,
				1883C9F420E62A86008E490A /* ImageViewExtensions.swift in Sources */,
				180A658020E971D70035A701 /* LoginViewController.swift in Sources */,
				180A658220E9788D0035A701 /* LoginViewModel.swift in Sources */,
				1883C9F120E62A86008E490A /* UserDefaultsExtensions.swift in Sources */,
				1883C9F820E62C70008E490A /* Constants.swift in Sources */,
				1883C9EE20E62A86008E490A /* Float.swift in Sources */,
				1883C9F020E62A86008E490A /* ImageExtensions.swift in Sources */,
				180A659C20E98F030035A701 /* DashboardViewModel.swift in Sources */,
				1883C9D720E62878008E490A /* AlertViews.swift in Sources */,
				1883C9F320E62A86008E490A /* DateExtension.swift in Sources */,
				1883C98E20E4BA72008E490A /* AppDelegate.swift in Sources */,
				1883C9F620E62A86008E490A /* StringExtensions.swift in Sources */,
				1883C9EF20E62A86008E490A /* TextFieldExtensions.swift in Sources */,
				180A659F20E998C60035A701 /* BaseClassViewController.swift in Sources */,
				1883C9D520E6281B008E490A /* Reachability.swift in Sources */,
				1883C9F220E62A86008E490A /* ButtonExtensions.swift in Sources */,
				180A659A20E98D0D0035A701 /* DashboardViewController.swift in Sources */,
			);
			runOnlyForDeploymentPostprocessing = 0;
		};
		1883C99A20E4BA74008E490A /* Sources */ = {
			isa = PBXSourcesBuildPhase;
			buildActionMask = 2147483647;
			files = (
				1883C9A320E4BA74008E490A /* FrameworkTests.swift in Sources */,
			);
			runOnlyForDeploymentPostprocessing = 0;
		};
		1883C9A520E4BA74008E490A /* Sources */ = {
			isa = PBXSourcesBuildPhase;
			buildActionMask = 2147483647;
			files = (
				1883C9AE20E4BA74008E490A /* FrameworkUITests.swift in Sources */,
			);
			runOnlyForDeploymentPostprocessing = 0;
		};
/* End PBXSourcesBuildPhase section */

/* Begin PBXTargetDependency section */
		1883C9A020E4BA74008E490A /* PBXTargetDependency */ = {
			isa = PBXTargetDependency;
			target = 1883C98920E4BA71008E490A /* Framework */;
			targetProxy = 1883C99F20E4BA74008E490A /* PBXContainerItemProxy */;
		};
		1883C9AB20E4BA74008E490A /* PBXTargetDependency */ = {
			isa = PBXTargetDependency;
			target = 1883C98920E4BA71008E490A /* Framework */;
			targetProxy = 1883C9AA20E4BA74008E490A /* PBXContainerItemProxy */;
		};
/* End PBXTargetDependency section */

/* Begin PBXVariantGroup section */
		1883C99120E4BA72008E490A /* Main.storyboard */ = {
			isa = PBXVariantGroup;
			children = (
				1883C99220E4BA72008E490A /* Base */,
			);
			name = Main.storyboard;
			sourceTree = "<group>";
		};
		1883C99620E4BA74008E490A /* LaunchScreen.storyboard */ = {
			isa = PBXVariantGroup;
			children = (
				1883C99720E4BA74008E490A /* Base */,
			);
			name = LaunchScreen.storyboard;
			sourceTree = "<group>";
		};
/* End PBXVariantGroup section */

/* Begin XCBuildConfiguration section */
		1883C9B020E4BA74008E490A /* Debug */ = {
			isa = XCBuildConfiguration;
			buildSettings = {
				ALWAYS_SEARCH_USER_PATHS = NO;
				CLANG_ANALYZER_NONNULL = YES;
				CLANG_ANALYZER_NUMBER_OBJECT_CONVERSION = YES_AGGRESSIVE;
				CLANG_CXX_LANGUAGE_STANDARD = "gnu++14";
				CLANG_CXX_LIBRARY = "libc++";
				CLANG_ENABLE_MODULES = YES;
				CLANG_ENABLE_OBJC_ARC = YES;
				CLANG_ENABLE_OBJC_WEAK = YES;
				CLANG_WARN_BLOCK_CAPTURE_AUTORELEASING = YES;
				CLANG_WARN_BOOL_CONVERSION = YES;
				CLANG_WARN_COMMA = YES;
				CLANG_WARN_CONSTANT_CONVERSION = YES;
				CLANG_WARN_DEPRECATED_OBJC_IMPLEMENTATIONS = YES;
				CLANG_WARN_DIRECT_OBJC_ISA_USAGE = YES_ERROR;
				CLANG_WARN_DOCUMENTATION_COMMENTS = YES;
				CLANG_WARN_EMPTY_BODY = YES;
				CLANG_WARN_ENUM_CONVERSION = YES;
				CLANG_WARN_INFINITE_RECURSION = YES;
				CLANG_WARN_INT_CONVERSION = YES;
				CLANG_WARN_NON_LITERAL_NULL_CONVERSION = YES;
				CLANG_WARN_OBJC_IMPLICIT_RETAIN_SELF = YES;
				CLANG_WARN_OBJC_LITERAL_CONVERSION = YES;
				CLANG_WARN_OBJC_ROOT_CLASS = YES_ERROR;
				CLANG_WARN_RANGE_LOOP_ANALYSIS = YES;
				CLANG_WARN_STRICT_PROTOTYPES = YES;
				CLANG_WARN_SUSPICIOUS_MOVE = YES;
				CLANG_WARN_UNGUARDED_AVAILABILITY = YES_AGGRESSIVE;
				CLANG_WARN_UNREACHABLE_CODE = YES;
				CLANG_WARN__DUPLICATE_METHOD_MATCH = YES;
				CODE_SIGN_IDENTITY = "iPhone Developer";
				COPY_PHASE_STRIP = NO;
				DEBUG_INFORMATION_FORMAT = dwarf;
				ENABLE_STRICT_OBJC_MSGSEND = YES;
				ENABLE_TESTABILITY = YES;
				GCC_C_LANGUAGE_STANDARD = gnu11;
				GCC_DYNAMIC_NO_PIC = NO;
				GCC_NO_COMMON_BLOCKS = YES;
				GCC_OPTIMIZATION_LEVEL = 0;
				GCC_PREPROCESSOR_DEFINITIONS = (
					"DEBUG=1",
					"$(inherited)",
				);
				GCC_WARN_64_TO_32_BIT_CONVERSION = YES;
				GCC_WARN_ABOUT_RETURN_TYPE = YES_ERROR;
				GCC_WARN_UNDECLARED_SELECTOR = YES;
				GCC_WARN_UNINITIALIZED_AUTOS = YES_AGGRESSIVE;
				GCC_WARN_UNUSED_FUNCTION = YES;
				GCC_WARN_UNUSED_VARIABLE = YES;
				IPHONEOS_DEPLOYMENT_TARGET = 11.4;
				MTL_ENABLE_DEBUG_INFO = YES;
				ONLY_ACTIVE_ARCH = YES;
				SDKROOT = iphoneos;
				SWIFT_ACTIVE_COMPILATION_CONDITIONS = DEBUG;
				SWIFT_OPTIMIZATION_LEVEL = "-Onone";
			};
			name = Debug;
		};
		1883C9B120E4BA74008E490A /* Release */ = {
			isa = XCBuildConfiguration;
			buildSettings = {
				ALWAYS_SEARCH_USER_PATHS = NO;
				CLANG_ANALYZER_NONNULL = YES;
				CLANG_ANALYZER_NUMBER_OBJECT_CONVERSION = YES_AGGRESSIVE;
				CLANG_CXX_LANGUAGE_STANDARD = "gnu++14";
				CLANG_CXX_LIBRARY = "libc++";
				CLANG_ENABLE_MODULES = YES;
				CLANG_ENABLE_OBJC_ARC = YES;
				CLANG_ENABLE_OBJC_WEAK = YES;
				CLANG_WARN_BLOCK_CAPTURE_AUTORELEASING = YES;
				CLANG_WARN_BOOL_CONVERSION = YES;
				CLANG_WARN_COMMA = YES;
				CLANG_WARN_CONSTANT_CONVERSION = YES;
				CLANG_WARN_DEPRECATED_OBJC_IMPLEMENTATIONS = YES;
				CLANG_WARN_DIRECT_OBJC_ISA_USAGE = YES_ERROR;
				CLANG_WARN_DOCUMENTATION_COMMENTS = YES;
				CLANG_WARN_EMPTY_BODY = YES;
				CLANG_WARN_ENUM_CONVERSION = YES;
				CLANG_WARN_INFINITE_RECURSION = YES;
				CLANG_WARN_INT_CONVERSION = YES;
				CLANG_WARN_NON_LITERAL_NULL_CONVERSION = YES;
				CLANG_WARN_OBJC_IMPLICIT_RETAIN_SELF = YES;
				CLANG_WARN_OBJC_LITERAL_CONVERSION = YES;
				CLANG_WARN_OBJC_ROOT_CLASS = YES_ERROR;
				CLANG_WARN_RANGE_LOOP_ANALYSIS = YES;
				CLANG_WARN_STRICT_PROTOTYPES = YES;
				CLANG_WARN_SUSPICIOUS_MOVE = YES;
				CLANG_WARN_UNGUARDED_AVAILABILITY = YES_AGGRESSIVE;
				CLANG_WARN_UNREACHABLE_CODE = YES;
				CLANG_WARN__DUPLICATE_METHOD_MATCH = YES;
				CODE_SIGN_IDENTITY = "iPhone Developer";
				COPY_PHASE_STRIP = NO;
				DEBUG_INFORMATION_FORMAT = "dwarf-with-dsym";
				ENABLE_NS_ASSERTIONS = NO;
				ENABLE_STRICT_OBJC_MSGSEND = YES;
				GCC_C_LANGUAGE_STANDARD = gnu11;
				GCC_NO_COMMON_BLOCKS = YES;
				GCC_WARN_64_TO_32_BIT_CONVERSION = YES;
				GCC_WARN_ABOUT_RETURN_TYPE = YES_ERROR;
				GCC_WARN_UNDECLARED_SELECTOR = YES;
				GCC_WARN_UNINITIALIZED_AUTOS = YES_AGGRESSIVE;
				GCC_WARN_UNUSED_FUNCTION = YES;
				GCC_WARN_UNUSED_VARIABLE = YES;
				IPHONEOS_DEPLOYMENT_TARGET = 11.4;
				MTL_ENABLE_DEBUG_INFO = NO;
				SDKROOT = iphoneos;
				SWIFT_COMPILATION_MODE = wholemodule;
				SWIFT_OPTIMIZATION_LEVEL = "-O";
				VALIDATE_PRODUCT = YES;
			};
			name = Release;
		};
		1883C9B320E4BA74008E490A /* Debug */ = {
			isa = XCBuildConfiguration;
			baseConfigurationReference = D6837BD9BBA42B1477E53866 /* Pods-Framework.debug.xcconfig */;
			buildSettings = {
				ASSETCATALOG_COMPILER_APPICON_NAME = AppIcon;
				CODE_SIGN_STYLE = Automatic;
				INFOPLIST_FILE = Framework/Resources/Info.plist;
				LD_RUNPATH_SEARCH_PATHS = (
					"$(inherited)",
					"@executable_path/Frameworks",
				);
				PRODUCT_BUNDLE_IDENTIFIER = com.p41.Framework;
				PRODUCT_NAME = "$(TARGET_NAME)";
				SWIFT_VERSION = 4.0;
				TARGETED_DEVICE_FAMILY = "1,2";
			};
			name = Debug;
		};
		1883C9B420E4BA74008E490A /* Release */ = {
			isa = XCBuildConfiguration;
			baseConfigurationReference = 2D8B338C41D6B99098271DA3 /* Pods-Framework.release.xcconfig */;
			buildSettings = {
				ASSETCATALOG_COMPILER_APPICON_NAME = AppIcon;
				CODE_SIGN_STYLE = Automatic;
				INFOPLIST_FILE = Framework/Resources/Info.plist;
				LD_RUNPATH_SEARCH_PATHS = (
					"$(inherited)",
					"@executable_path/Frameworks",
				);
				PRODUCT_BUNDLE_IDENTIFIER = com.p41.Framework;
				PRODUCT_NAME = "$(TARGET_NAME)";
				SWIFT_VERSION = 4.0;
				TARGETED_DEVICE_FAMILY = "1,2";
			};
			name = Release;
		};
		1883C9B620E4BA74008E490A /* Debug */ = {
			isa = XCBuildConfiguration;
			baseConfigurationReference = F4E645566B1FC8863F03D0E3 /* Pods-FrameworkTests.debug.xcconfig */;
			buildSettings = {
				ALWAYS_EMBED_SWIFT_STANDARD_LIBRARIES = YES;
				BUNDLE_LOADER = "$(TEST_HOST)";
				CODE_SIGN_STYLE = Automatic;
				INFOPLIST_FILE = FrameworkTests/Info.plist;
				LD_RUNPATH_SEARCH_PATHS = (
					"$(inherited)",
					"@executable_path/Frameworks",
					"@loader_path/Frameworks",
				);
				PRODUCT_BUNDLE_IDENTIFIER = com.p41.FrameworkTests;
				PRODUCT_NAME = "$(TARGET_NAME)";
				SWIFT_VERSION = 4.0;
				TARGETED_DEVICE_FAMILY = "1,2";
				TEST_HOST = "$(BUILT_PRODUCTS_DIR)/Framework.app/Framework";
			};
			name = Debug;
		};
		1883C9B720E4BA74008E490A /* Release */ = {
			isa = XCBuildConfiguration;
			baseConfigurationReference = BE0FA2324CD56BE738EAEDD2 /* Pods-FrameworkTests.release.xcconfig */;
			buildSettings = {
				ALWAYS_EMBED_SWIFT_STANDARD_LIBRARIES = YES;
				BUNDLE_LOADER = "$(TEST_HOST)";
				CODE_SIGN_STYLE = Automatic;
				INFOPLIST_FILE = FrameworkTests/Info.plist;
				LD_RUNPATH_SEARCH_PATHS = (
					"$(inherited)",
					"@executable_path/Frameworks",
					"@loader_path/Frameworks",
				);
				PRODUCT_BUNDLE_IDENTIFIER = com.p41.FrameworkTests;
				PRODUCT_NAME = "$(TARGET_NAME)";
				SWIFT_VERSION = 4.0;
				TARGETED_DEVICE_FAMILY = "1,2";
				TEST_HOST = "$(BUILT_PRODUCTS_DIR)/Framework.app/Framework";
			};
			name = Release;
		};
		1883C9B920E4BA74008E490A /* Debug */ = {
			isa = XCBuildConfiguration;
			baseConfigurationReference = 3C890C153449DAA6ECC85669 /* Pods-FrameworkUITests.debug.xcconfig */;
			buildSettings = {
				ALWAYS_EMBED_SWIFT_STANDARD_LIBRARIES = YES;
				CODE_SIGN_STYLE = Automatic;
				INFOPLIST_FILE = FrameworkUITests/Info.plist;
				LD_RUNPATH_SEARCH_PATHS = (
					"$(inherited)",
					"@executable_path/Frameworks",
					"@loader_path/Frameworks",
				);
				PRODUCT_BUNDLE_IDENTIFIER = com.p41.FrameworkUITests;
				PRODUCT_NAME = "$(TARGET_NAME)";
				SWIFT_VERSION = 4.0;
				TARGETED_DEVICE_FAMILY = "1,2";
				TEST_TARGET_NAME = Framework;
			};
			name = Debug;
		};
		1883C9BA20E4BA74008E490A /* Release */ = {
			isa = XCBuildConfiguration;
			baseConfigurationReference = A87CB8A607A7B9F3F0738C5E /* Pods-FrameworkUITests.release.xcconfig */;
			buildSettings = {
				ALWAYS_EMBED_SWIFT_STANDARD_LIBRARIES = YES;
				CODE_SIGN_STYLE = Automatic;
				INFOPLIST_FILE = FrameworkUITests/Info.plist;
				LD_RUNPATH_SEARCH_PATHS = (
					"$(inherited)",
					"@executable_path/Frameworks",
					"@loader_path/Frameworks",
				);
				PRODUCT_BUNDLE_IDENTIFIER = com.p41.FrameworkUITests;
				PRODUCT_NAME = "$(TARGET_NAME)";
				SWIFT_VERSION = 4.0;
				TARGETED_DEVICE_FAMILY = "1,2";
				TEST_TARGET_NAME = Framework;
			};
			name = Release;
		};
/* End XCBuildConfiguration section */

/* Begin XCConfigurationList section */
		1883C98520E4BA71008E490A /* Build configuration list for PBXProject "Framework" */ = {
			isa = XCConfigurationList;
			buildConfigurations = (
				1883C9B020E4BA74008E490A /* Debug */,
				1883C9B120E4BA74008E490A /* Release */,
			);
			defaultConfigurationIsVisible = 0;
			defaultConfigurationName = Release;
		};
		1883C9B220E4BA74008E490A /* Build configuration list for PBXNativeTarget "Framework" */ = {
			isa = XCConfigurationList;
			buildConfigurations = (
				1883C9B320E4BA74008E490A /* Debug */,
				1883C9B420E4BA74008E490A /* Release */,
			);
			defaultConfigurationIsVisible = 0;
			defaultConfigurationName = Release;
		};
		1883C9B520E4BA74008E490A /* Build configuration list for PBXNativeTarget "FrameworkTests" */ = {
			isa = XCConfigurationList;
			buildConfigurations = (
				1883C9B620E4BA74008E490A /* Debug */,
				1883C9B720E4BA74008E490A /* Release */,
			);
			defaultConfigurationIsVisible = 0;
			defaultConfigurationName = Release;
		};
		1883C9B820E4BA74008E490A /* Build configuration list for PBXNativeTarget "FrameworkUITests" */ = {
			isa = XCConfigurationList;
			buildConfigurations = (
				1883C9B920E4BA74008E490A /* Debug */,
				1883C9BA20E4BA74008E490A /* Release */,
			);
			defaultConfigurationIsVisible = 0;
			defaultConfigurationName = Release;
		};
/* End XCConfigurationList section */
	};
	rootObject = 1883C98220E4BA71008E490A /* Project object */;
}
